
Microsoft Visual Studio Solution File, Format Version 10.00
# Visual Studio 2008
Project("{FAE04EC0-301F-11D3-BF4B-00C04F79EFBC}") = "RushHour", "RushHour\RushHour.csproj", "{CDE1C427-70FA-46CF-83AC-95F540FAA978}"
EndProject
Project("{FAE04EC0-301F-11D3-BF4B-00C04F79EFBC}") = "LevelEditor", "LevelEditor\LevelEditor.csproj", "{EF575686-8B78-4AA0-B350-11BE29E7F23A}"
EndProject
Global
	GlobalSection(SolutionConfigurationPlatforms) = preSolution
		Debug|Any CPU = Debug|Any CPU
		Debug|Mixed Platforms = Debug|Mixed Platforms
		Debug|x86 = Debug|x86
		Debug|Xbox 360 = Debug|Xbox 360
		Debug|Zune = Debug|Zune
		Release|Any CPU = Release|Any CPU
		Release|Mixed Platforms = Release|Mixed Platforms
		Release|x86 = Release|x86
		Release|Xbox 360 = Release|Xbox 360
		Release|Zune = Release|Zune
	EndGlobalSection
	GlobalSection(ProjectConfigurationPlatforms) = postSolution
		{CDE1C427-70FA-46CF-83AC-95F540FAA978}.Debug|Any CPU.ActiveCfg = Debug|x86
		{CDE1C427-70FA-46CF-83AC-95F540FAA978}.Debug|Mixed Platforms.ActiveCfg = Debug|x86
		{CDE1C427-70FA-46CF-83AC-95F540FAA978}.Debug|Mixed Platforms.Build.0 = Debug|x86
		{CDE1C427-70FA-46CF-83AC-95F540FAA978}.Debug|x86.ActiveCfg = Debug|x86
		{CDE1C427-70FA-46CF-83AC-95F540FAA978}.Debug|x86.Build.0 = Debug|x86
		{CDE1C427-70FA-46CF-83AC-95F540FAA978}.Debug|Xbox 360.ActiveCfg = Debug|x86
		{CDE1C427-70FA-46CF-83AC-95F540FAA978}.Debug|Zune.ActiveCfg = Debug|x86
		{CDE1C427-70FA-46CF-83AC-95F540FAA978}.Release|Any CPU.ActiveCfg = Release|x86
		{CDE1C427-70FA-46CF-83AC-95F540FAA978}.Release|Mixed Platforms.ActiveCfg = Release|x86
		{CDE1C427-70FA-46CF-83AC-95F540FAA978}.Release|Mixed Platforms.Build.0 = Release|x86
		{CDE1C427-70FA-46CF-83AC-95F540FAA978}.Release|x86.ActiveCfg = Release|x86
		{CDE1C427-70FA-46CF-83AC-95F540FAA978}.Release|x86.Build.0 = Release|x86
		{CDE1C427-70FA-46CF-83AC-95F540FAA978}.Release|Xbox 360.ActiveCfg = Release|x86
		{CDE1C427-70FA-46CF-83AC-95F540FAA978}.Release|Zune.ActiveCfg = Release|x86
		{578DBC0A-1783-48FA-97CF-82AC489F12F3}.Debug|Any CPU.ActiveCfg = Debug|x86
		{578DBC0A-1783-48FA-97CF-82AC489F12F3}.Debug|Mixed Platforms.ActiveCfg = Debug|x86
		{578DBC0A-1783-48FA-97CF-82AC489F12F3}.Debug|x86.ActiveCfg = Debug|x86
		{578DBC0A-1783-48FA-97CF-82AC489F12F3}.Debug|Xbox 360.ActiveCfg = Debug|x86
		{578DBC0A-1783-48FA-97CF-82AC489F12F3}.Debug|Zune.ActiveCfg = Debug|x86
		{578DBC0A-1783-48FA-97CF-82AC489F12F3}.Release|Any CPU.ActiveCfg = Release|x86
		{578DBC0A-1783-48FA-97CF-82AC489F12F3}.Release|Mixed Platforms.ActiveCfg = Release|x86
		{578DBC0A-1783-48FA-97CF-82AC489F12F3}.Release|x86.ActiveCfg = Release|x86
		{578DBC0A-1783-48FA-97CF-82AC489F12F3}.Release|Xbox 360.ActiveCfg = Release|x86
		{578DBC0A-1783-48FA-97CF-82AC489F12F3}.Release|Zune.ActiveCfg = Release|x86
		{EF575686-8B78-4AA0-B350-11BE29E7F23A}.Debug|Any CPU.ActiveCfg = Debug|Any CPU
		{EF575686-8B78-4AA0-B350-11BE29E7F23A}.Debug|Any CPU.Build.0 = Debug|Any CPU
		{EF575686-8B78-4AA0-B350-11BE29E7F23A}.Debug|Mixed Platforms.ActiveCfg = Debug|Any CPU
		{EF575686-8B78-4AA0-B350-11BE29E7F23A}.Debug|Mixed Platforms.Build.0 = Debug|Any CPU
		{EF575686-8B78-4AA0-B350-11BE29E7F23A}.Debug|x86.ActiveCfg = Debug|Any CPU
		{EF575686-8B78-4AA0-B350-11BE29E7F23A}.Debug|Xbox 360.ActiveCfg = Debug|Any CPU
		{EF575686-8B78-4AA0-B350-11BE29E7F23A}.Debug|Zune.ActiveCfg = Debug|Any CPU
		{EF575686-8B78-4AA0-B350-11BE29E7F23A}.Release|Any CPU.ActiveCfg = Release|Any CPU
		{EF575686-8B78-4AA0-B350-11BE29E7F23A}.Release|Any CPU.Build.0 = Release|Any CPU
		{EF575686-8B78-4AA0-B350-11BE29E7F23A}.Release|Mixed Platforms.ActiveCfg = Release|Any CPU
		{EF575686-8B78-4AA0-B350-11BE29E7F23A}.Release|Mixed Platforms.Build.0 = Release|Any CPU
		{EF575686-8B78-4AA0-B350-11BE29E7F23A}.Release|x86.ActiveCfg = Release|Any CPU
		{EF575686-8B78-4AA0-B350-11BE29E7F23A}.Release|Xbox 360.ActiveCfg = Release|Any CPU
		{EF575686-8B78-4AA0-B350-11BE29E7F23A}.Release|Zune.ActiveCfg = Release|Any CPU
	EndGlobalSection
	GlobalSection(SolutionProperties) = preSolution
		HideSolutionNode = FALSE
	EndGlobalSection
EndGlobal
